
Microsoft Visual Studio Solution File, Format Version 12.00
# Visual Studio 2012
Project("{FAE04EC0-301F-11D3-BF4B-00C04F79EFBC}") = "corex", "src\corex\corex.csproj", "{D9E57C61-98F0-48A8-851C-3600209CBDBA}"
EndProject
Project("{FAE04EC0-301F-11D3-BF4B-00C04F79EFBC}") = "CorexDemo", "src\CorexDemo\CorexDemo.csproj", "{300F9C5D-ED7B-4409-9A79-2D18B7CF3E68}"
EndProject
Global
	GlobalSection(SolutionConfigurationPlatforms) = preSolution
		Debug|Any CPU = Debug|Any CPU
		Release|Any CPU = Release|Any CPU
	EndGlobalSection
	GlobalSection(ProjectConfigurationPlatforms) = postSolution
		{D9E57C61-98F0-48A8-851C-3600209CBDBA}.Debug|Any CPU.ActiveCfg = Debug|Any CPU
		{D9E57C61-98F0-48A8-851C-3600209CBDBA}.Debug|Any CPU.Build.0 = Debug|Any CPU
		{D9E57C61-98F0-48A8-851C-3600209CBDBA}.Release|Any CPU.ActiveCfg = Release|Any CPU
		{D9E57C61-98F0-48A8-851C-3600209CBDBA}.Release|Any CPU.Build.0 = Release|Any CPU
		{300F9C5D-ED7B-4409-9A79-2D18B7CF3E68}.Debug|Any CPU.ActiveCfg = Debug|Any CPU
		{300F9C5D-ED7B-4409-9A79-2D18B7CF3E68}.Debug|Any CPU.Build.0 = Debug|Any CPU
		{300F9C5D-ED7B-4409-9A79-2D18B7CF3E68}.Release|Any CPU.ActiveCfg = Release|Any CPU
		{300F9C5D-ED7B-4409-9A79-2D18B7CF3E68}.Release|Any CPU.Build.0 = Release|Any CPU
	EndGlobalSection
	GlobalSection(SolutionProperties) = preSolution
		HideSolutionNode = FALSE
	EndGlobalSection
EndGlobal
